
Microsoft Visual Studio Solution File, Format Version 12.00
# Visual Studio Version 17
VisualStudioVersion = 17.3.32728.150
MinimumVisualStudioVersion = 10.0.40219.1
Project("{FAE04EC0-301F-11D3-BF4B-00C04F79EFBC}") = "Thorsight", "Thorsight\Thorsight.csproj", "{FEFC1638-3BF7-4E23-A618-0DBF10632A5F}"
EndProject
Global
	GlobalSection(SolutionConfigurationPlatforms) = preSolution
		Debug|Any CPU = Debug|Any CPU
		Release|Any CPU = Release|Any CPU
	EndGlobalSection
	GlobalSection(ProjectConfigurationPlatforms) = postSolution
		{FEFC1638-3BF7-4E23-A618-0DBF10632A5F}.Debug|Any CPU.ActiveCfg = Debug|Any CPU
		{FEFC1638-3BF7-4E23-A618-0DBF10632A5F}.Debug|Any CPU.Build.0 = Debug|Any CPU
		{FEFC1638-3BF7-4E23-A618-0DBF10632A5F}.Release|Any CPU.ActiveCfg = Release|Any CPU
		{FEFC1638-3BF7-4E23-A618-0DBF10632A5F}.Release|Any CPU.Build.0 = Release|Any CPU
	EndGlobalSection
	GlobalSection(SolutionProperties) = preSolution
		HideSolutionNode = FALSE
	EndGlobalSection
	GlobalSection(ExtensibilityGlobals) = postSolution
		SolutionGuid = {E8EC7408-7A9D-48DE-A423-C1D370197BD0}
	EndGlobalSection
EndGlobal
